
Microsoft Visual Studio Solution File, Format Version 12.00
# Visual Studio Version 17
VisualStudioVersion = 17.9.34616.47
MinimumVisualStudioVersion = 10.0.40219.1
Project("{FAE04EC0-301F-11D3-BF4B-00C04F79EFBC}") = "Makosite.Server", "Makosite.Server\Makosite.Server.csproj", "{10123CCA-B78F-4EC0-9CC0-9DE79A7262A8}"
EndProject
Project("{54A90642-561A-4BB1-A94E-469ADEE60C69}") = "makosite.client", "makosite.client\makosite.client.esproj", "{359868ED-5EF0-4BEC-AD55-95D33A02361D}"
EndProject
Global
	GlobalSection(SolutionConfigurationPlatforms) = preSolution
		Debug|Any CPU = Debug|Any CPU
		Release|Any CPU = Release|Any CPU
	EndGlobalSection
	GlobalSection(ProjectConfigurationPlatforms) = postSolution
		{10123CCA-B78F-4EC0-9CC0-9DE79A7262A8}.Debug|Any CPU.ActiveCfg = Debug|Any CPU
		{10123CCA-B78F-4EC0-9CC0-9DE79A7262A8}.Debug|Any CPU.Build.0 = Debug|Any CPU
		{10123CCA-B78F-4EC0-9CC0-9DE79A7262A8}.Release|Any CPU.ActiveCfg = Release|Any CPU
		{10123CCA-B78F-4EC0-9CC0-9DE79A7262A8}.Release|Any CPU.Build.0 = Release|Any CPU
		{359868ED-5EF0-4BEC-AD55-95D33A02361D}.Debug|Any CPU.ActiveCfg = Debug|Any CPU
		{359868ED-5EF0-4BEC-AD55-95D33A02361D}.Debug|Any CPU.Build.0 = Debug|Any CPU
		{359868ED-5EF0-4BEC-AD55-95D33A02361D}.Debug|Any CPU.Deploy.0 = Debug|Any CPU
		{359868ED-5EF0-4BEC-AD55-95D33A02361D}.Release|Any CPU.ActiveCfg = Release|Any CPU
		{359868ED-5EF0-4BEC-AD55-95D33A02361D}.Release|Any CPU.Build.0 = Release|Any CPU
		{359868ED-5EF0-4BEC-AD55-95D33A02361D}.Release|Any CPU.Deploy.0 = Release|Any CPU
	EndGlobalSection
	GlobalSection(SolutionProperties) = preSolution
		HideSolutionNode = FALSE
	EndGlobalSection
	GlobalSection(ExtensibilityGlobals) = postSolution
		SolutionGuid = {9C1E500E-B92F-4C2F-A94A-A2111F725029}
	EndGlobalSection
EndGlobal
